
Microsoft Visual Studio Solution File, Format Version 12.00
# Visual Studio Version 17
VisualStudioVersion = 17.10.35122.118
MinimumVisualStudioVersion = 10.0.40219.1
Project("{FAE04EC0-301F-11D3-BF4B-00C04F79EFBC}") = "Dreitürenmodell", "Dreitürenmodell\Dreitürenmodell.csproj", "{9EB50577-0DD4-44DF-8FCC-01AE2566BB47}"
EndProject
Global
	GlobalSection(SolutionConfigurationPlatforms) = preSolution
		Debug|Any CPU = Debug|Any CPU
		Release|Any CPU = Release|Any CPU
	EndGlobalSection
	GlobalSection(ProjectConfigurationPlatforms) = postSolution
		{9EB50577-0DD4-44DF-8FCC-01AE2566BB47}.Debug|Any CPU.ActiveCfg = Debug|Any CPU
		{9EB50577-0DD4-44DF-8FCC-01AE2566BB47}.Debug|Any CPU.Build.0 = Debug|Any CPU
		{9EB50577-0DD4-44DF-8FCC-01AE2566BB47}.Release|Any CPU.ActiveCfg = Release|Any CPU
		{9EB50577-0DD4-44DF-8FCC-01AE2566BB47}.Release|Any CPU.Build.0 = Release|Any CPU
	EndGlobalSection
	GlobalSection(SolutionProperties) = preSolution
		HideSolutionNode = FALSE
	EndGlobalSection
	GlobalSection(ExtensibilityGlobals) = postSolution
		SolutionGuid = {49CCE2E3-AA5D-4CFD-BC63-9606A20E7913}
	EndGlobalSection
EndGlobal
